// !$*UTF8*$!
{
	archiveVersion = 1;
	classes = {
	};
	objectVersion = 46;
	objects = {

/* Begin PBXBuildFile section */
		982C3E6B1652512B00AF8E8C /* main.c in Sources */ = {isa = PBXBuildFile; fileRef = 982C3E6A1652512B00AF8E8C /* main.c */; };
		982C3E6D1652512B00AF8E8C /* PIC16F84A_Emulator.1 in CopyFiles */ = {isa = PBXBuildFile; fileRef = 982C3E6C1652512B00AF8E8C /* PIC16F84A_Emulator.1 */; };
/* End PBXBuildFile section */

/* Begin PBXCopyFilesBuildPhase section */
		982C3E641652512B00AF8E8C /* CopyFiles */ = {
			isa = PBXCopyFilesBuildPhase;
			buildActionMask = 2147483647;
			dstPath = /usr/share/man/man1/;
			dstSubfolderSpec = 0;
			files = (
				982C3E6D1652512B00AF8E8C /* PIC16F84A_Emulator.1 in CopyFiles */,
			);
			runOnlyForDeploymentPostprocessing = 1;
		};
/* End PBXCopyFilesBuildPhase section */

/* Begin PBXFileReference section */
		982C3E661652512B00AF8E8C /* PIC16F84A Emulator */ = {isa = PBXFileReference; explicitFileType = "compiled.mach-o.executable"; includeInIndex = 0; path = "PIC16F84A Emulator"; sourceTree = BUILT_PRODUCTS_DIR; };
		982C3E6A1652512B00AF8E8C /* main.c */ = {isa = PBXFileReference; lastKnownFileType = sourcecode.c.c; path = main.c; sourceTree = "<group>"; };
		982C3E6C1652512B00AF8E8C /* PIC16F84A_Emulator.1 */ = {isa = PBXFileReference; lastKnownFileType = text.man; path = PIC16F84A_Emulator.1; sourceTree = "<group>"; };
/* End PBXFileReference section */

/* Begin PBXFrameworksBuildPhase section */
		982C3E631652512B00AF8E8C /* Frameworks */ = {
			isa = PBXFrameworksBuildPhase;
			buildActionMask = 2147483647;
			files = (
			);
			runOnlyForDeploymentPostprocessing = 0;
		};
/* End PBXFrameworksBuildPhase section */

/* Begin PBXGroup section */
		982C3E5B1652512B00AF8E8C = {
			isa = PBXGroup;
			children = (
				982C3E691652512B00AF8E8C /* PIC16F84A Emulator */,
				982C3E671652512B00AF8E8C /* Products */,
			);
			sourceTree = "<group>";
		};
		982C3E671652512B00AF8E8C /* Products */ = {
			isa = PBXGroup;
			children = (
				982C3E661652512B00AF8E8C /* PIC16F84A Emulator */,
			);
			name = Products;
			sourceTree = "<group>";
		};
		982C3E691652512B00AF8E8C /* PIC16F84A Emulator */ = {
			isa = PBXGroup;
			children = (
				982C3E6A1652512B00AF8E8C /* main.c */,
				982C3E6C1652512B00AF8E8C /* PIC16F84A_Emulator.1 */,
			);
			path = "PIC16F84A Emulator";
			sourceTree = "<group>";
		};
/* End PBXGroup section */

/* Begin PBXNativeTarget section */
		982C3E651652512B00AF8E8C /* PIC16F84A Emulator */ = {
			isa = PBXNativeTarget;
			buildConfigurationList = 982C3E701652512B00AF8E8C /* Build configuration list for PBXNativeTarget "PIC16F84A Emulator" */;
			buildPhases = (
				982C3E621652512B00AF8E8C /* Sources */,
				982C3E631652512B00AF8E8C /* Frameworks */,
				982C3E641652512B00AF8E8C /* CopyFiles */,
			);
			buildRules = (
			);
			dependencies = (
			);
			name = "PIC16F84A Emulator";
			productName = "PIC16F84A Emulator";
			productReference = 982C3E661652512B00AF8E8C /* PIC16F84A Emulator */;
			productType = "com.apple.product-type.tool";
		};
/* End PBXNativeTarget section */

/* Begin PBXProject section */
		982C3E5D1652512B00AF8E8C /* Project object */ = {
			isa = PBXProject;
			attributes = {
				LastUpgradeCheck = 0450;
				ORGANIZATIONNAME = "Cameron Gutman";
			};
			buildConfigurationList = 982C3E601652512B00AF8E8C /* Build configuration list for PBXProject "PIC16F84A Emulator" */;
			compatibilityVersion = "Xcode 3.2";
			developmentRegion = English;
			hasScannedForEncodings = 0;
			knownRegions = (
				en,
			);
			mainGroup = 982C3E5B1652512B00AF8E8C;
			productRefGroup = 982C3E671652512B00AF8E8C /* Products */;
			projectDirPath = "";
			projectRoot = "";
			targets = (
				982C3E651652512B00AF8E8C /* PIC16F84A Emulator */,
			);
		};
/* End PBXProject section */

/* Begin PBXSourcesBuildPhase section */
		982C3E621652512B00AF8E8C /* Sources */ = {
			isa = PBXSourcesBuildPhase;
			buildActionMask = 2147483647;
			files = (
				982C3E6B1652512B00AF8E8C /* main.c in Sources */,
			);
			runOnlyForDeploymentPostprocessing = 0;
		};
/* End PBXSourcesBuildPhase section */

/* Begin XCBuildConfiguration section */
		982C3E6E1652512B00AF8E8C /* Debug */ = {
			isa = XCBuildConfiguration;
			buildSettings = {
				ALWAYS_SEARCH_USER_PATHS = NO;
				ARCHS = "$(ARCHS_STANDARD_64_BIT)";
				CLANG_CXX_LANGUAGE_STANDARD = "gnu++0x";
				CLANG_CXX_LIBRARY = "libc++";
				CLANG_WARN_EMPTY_BODY = YES;
				CLANG_WARN__DUPLICATE_METHOD_MATCH = YES;
				COPY_PHASE_STRIP = NO;
				GCC_C_LANGUAGE_STANDARD = gnu99;
				GCC_DYNAMIC_NO_PIC = NO;
				GCC_ENABLE_OBJC_EXCEPTIONS = YES;
				GCC_OPTIMIZATION_LEVEL = 0;
				GCC_PREPROCESSOR_DEFINITIONS = (
					"DEBUG=1",
					"$(inherited)",
				);
				GCC_SYMBOLS_PRIVATE_EXTERN = NO;
				GCC_WARN_64_TO_32_BIT_CONVERSION = YES;
				GCC_WARN_ABOUT_RETURN_TYPE = YES;
				GCC_WARN_UNINITIALIZED_AUTOS = YES;
				GCC_WARN_UNUSED_VARIABLE = YES;
				MACOSX_DEPLOYMENT_TARGET = 10.8;
				ONLY_ACTIVE_ARCH = YES;
				SDKROOT = macosx;
			};
			name = Debug;
		};
		982C3E6F1652512B00AF8E8C /* Release */ = {
			isa = XCBuildConfiguration;
			buildSettings = {
				ALWAYS_SEARCH_USER_PATHS = NO;
				ARCHS = "$(ARCHS_STANDARD_64_BIT)";
				CLANG_CXX_LANGUAGE_STANDARD = "gnu++0x";
				CLANG_CXX_LIBRARY = "libc++";
				CLANG_WARN_EMPTY_BODY = YES;
				CLANG_WARN__DUPLICATE_METHOD_MATCH = YES;
				COPY_PHASE_STRIP = YES;
				DEBUG_INFORMATION_FORMAT = "dwarf-with-dsym";
				GCC_C_LANGUAGE_STANDARD = gnu99;
				GCC_ENABLE_OBJC_EXCEPTIONS = YES;
				GCC_WARN_64_TO_32_BIT_CONVERSION = YES;
				GCC_WARN_ABOUT_RETURN_TYPE = YES;
				GCC_WARN_UNINITIALIZED_AUTOS = YES;
				GCC_WARN_UNUSED_VARIABLE = YES;
				MACOSX_DEPLOYMENT_TARGET = 10.8;
				SDKROOT = macosx;
			};
			name = Release;
		};
		982C3E711652512B00AF8E8C /* Debug */ = {
			isa = XCBuildConfiguration;
			buildSettings = {
				PRODUCT_NAME = "$(TARGET_NAME)";
			};
			name = Debug;
		};
		982C3E721652512B00AF8E8C /* Release */ = {
			isa = XCBuildConfiguration;
			buildSettings = {
				PRODUCT_NAME = "$(TARGET_NAME)";
			};
			name = Release;
		};
/* End XCBuildConfiguration section */

/* Begin XCConfigurationList section */
		982C3E601652512B00AF8E8C /* Build configuration list for PBXProject "PIC16F84A Emulator" */ = {
			isa = XCConfigurationList;
			buildConfigurations = (
				982C3E6E1652512B00AF8E8C /* Debug */,
				982C3E6F1652512B00AF8E8C /* Release */,
			);
			defaultConfigurationIsVisible = 0;
			defaultConfigurationName = Release;
		};
		982C3E701652512B00AF8E8C /* Build configuration list for PBXNativeTarget "PIC16F84A Emulator" */ = {
			isa = XCConfigurationList;
			buildConfigurations = (
				982C3E711652512B00AF8E8C /* Debug */,
				982C3E721652512B00AF8E8C /* Release */,
			);
			defaultConfigurationIsVisible = 0;
		};
/* End XCConfigurationList section */
	};
	rootObject = 982C3E5D1652512B00AF8E8C /* Project object */;
}
